
Microsoft Visual Studio Solution File, Format Version 12.00
# Visual Studio Version 16
VisualStudioVersion = 16.0.30225.117
MinimumVisualStudioVersion = 10.0.40219.1
Project("{FAE04EC0-301F-11D3-BF4B-00C04F79EFBC}") = "SpyKids", "SpyKids\SpyKids.csproj", "{086DBE7C-E300-4F05-AED3-715FA773CD97}"
EndProject
Global
	GlobalSection(SolutionConfigurationPlatforms) = preSolution
		Debug|Any CPU = Debug|Any CPU
		Release|Any CPU = Release|Any CPU
	EndGlobalSection
	GlobalSection(ProjectConfigurationPlatforms) = postSolution
		{086DBE7C-E300-4F05-AED3-715FA773CD97}.Debug|Any CPU.ActiveCfg = Debug|Any CPU
		{086DBE7C-E300-4F05-AED3-715FA773CD97}.Debug|Any CPU.Build.0 = Debug|Any CPU
		{086DBE7C-E300-4F05-AED3-715FA773CD97}.Release|Any CPU.ActiveCfg = Release|Any CPU
		{086DBE7C-E300-4F05-AED3-715FA773CD97}.Release|Any CPU.Build.0 = Release|Any CPU
	EndGlobalSection
	GlobalSection(SolutionProperties) = preSolution
		HideSolutionNode = FALSE
	EndGlobalSection
	GlobalSection(ExtensibilityGlobals) = postSolution
		SolutionGuid = {6959C563-E59D-4BD2-B6EC-872B121E30DD}
	EndGlobalSection
EndGlobal
